// !$*UTF8*$!
{
	archiveVersion = 1;
	classes = {
	};
	objectVersion = 77;
	objects = {

/* Begin PBXBuildFile section */
		2C360DD92E4E178100ECCCCF /* FridgeApp.swift in Sources */ = {isa = PBXBuildFile; fileRef = 2C360DD72E4E178100ECCCCF /* FridgeApp.swift */; };
		2C360DE62E4E477800ECCCCF /* .gitignore in Resources */ = {isa = PBXBuildFile; fileRef = 2C360DE52E4E476D00ECCCCF /* .gitignore */; };
/* End PBXBuildFile section */

/* Begin PBXContainerItemProxy section */
		2CF729522E4D08D500747833 /* PBXContainerItemProxy */ = {
			isa = PBXContainerItemProxy;
			containerPortal = 2CF7293A2E4D08D300747833 /* Project object */;
			proxyType = 1;
			remoteGlobalIDString = 2CF729412E4D08D300747833;
			remoteInfo = Fridge;
		};
		2CF7295C2E4D08D500747833 /* PBXContainerItemProxy */ = {
			isa = PBXContainerItemProxy;
			containerPortal = 2CF7293A2E4D08D300747833 /* Project object */;
			proxyType = 1;
			remoteGlobalIDString = 2CF729412E4D08D300747833;
			remoteInfo = Fridge;
		};
/* End PBXContainerItemProxy section */

/* Begin PBXFileReference section */
		2C360DD72E4E178100ECCCCF /* FridgeApp.swift */ = {isa = PBXFileReference; lastKnownFileType = sourcecode.swift; path = FridgeApp.swift; sourceTree = "<group>"; };
		2C360DE42E4E46AF00ECCCCF /* README.md */ = {isa = PBXFileReference; lastKnownFileType = net.daringfireball.markdown; path = README.md; sourceTree = "<group>"; };
		2C360DE52E4E476D00ECCCCF /* .gitignore */ = {isa = PBXFileReference; lastKnownFileType = text; path = .gitignore; sourceTree = "<group>"; };
		2CF729422E4D08D300747833 /* Fridge.app */ = {isa = PBXFileReference; explicitFileType = wrapper.application; includeInIndex = 0; path = Fridge.app; sourceTree = BUILT_PRODUCTS_DIR; };
		2CF729512E4D08D500747833 /* FridgeTests.xctest */ = {isa = PBXFileReference; explicitFileType = wrapper.cfbundle; includeInIndex = 0; path = FridgeTests.xctest; sourceTree = BUILT_PRODUCTS_DIR; };
		2CF7295B2E4D08D500747833 /* FridgeUITests.xctest */ = {isa = PBXFileReference; explicitFileType = wrapper.cfbundle; includeInIndex = 0; path = FridgeUITests.xctest; sourceTree = BUILT_PRODUCTS_DIR; };
/* End PBXFileReference section */

/* Begin PBXFileSystemSynchronizedRootGroup section */
		2C360DE82E4E489F00ECCCCF /* Features */ = {
			isa = PBXFileSystemSynchronizedRootGroup;
			path = Features;
			sourceTree = "<group>";
		};
		2C360DEB2E4E491500ECCCCF /* Resources */ = {
			isa = PBXFileSystemSynchronizedRootGroup;
			path = Resources;
			sourceTree = "<group>";
		};
		2CF729542E4D08D500747833 /* FridgeTests */ = {
			isa = PBXFileSystemSynchronizedRootGroup;
			path = FridgeTests;
			sourceTree = "<group>";
		};
		2CF7295E2E4D08D500747833 /* FridgeUITests */ = {
			isa = PBXFileSystemSynchronizedRootGroup;
			path = FridgeUITests;
			sourceTree = "<group>";
		};
/* End PBXFileSystemSynchronizedRootGroup section */

/* Begin PBXFrameworksBuildPhase section */
		2CF7293F2E4D08D300747833 /* Frameworks */ = {
			isa = PBXFrameworksBuildPhase;
			buildActionMask = 2147483647;
			files = (
			);
			runOnlyForDeploymentPostprocessing = 0;
		};
		2CF7294E2E4D08D500747833 /* Frameworks */ = {
			isa = PBXFrameworksBuildPhase;
			buildActionMask = 2147483647;
			files = (
			);
			runOnlyForDeploymentPostprocessing = 0;
		};
		2CF729582E4D08D500747833 /* Frameworks */ = {
			isa = PBXFrameworksBuildPhase;
			buildActionMask = 2147483647;
			files = (
			);
			runOnlyForDeploymentPostprocessing = 0;
		};
/* End PBXFrameworksBuildPhase section */

/* Begin PBXGroup section */
		2CF729392E4D08D300747833 = {
			isa = PBXGroup;
			children = (
				2C360DEB2E4E491500ECCCCF /* Resources */,
				2C360DE82E4E489F00ECCCCF /* Features */,
				2C360DE52E4E476D00ECCCCF /* .gitignore */,
				2C360DE42E4E46AF00ECCCCF /* README.md */,
				2CF729542E4D08D500747833 /* FridgeTests */,
				2CF7295E2E4D08D500747833 /* FridgeUITests */,
				2CF729432E4D08D300747833 /* Products */,
				2C360DD72E4E178100ECCCCF /* FridgeApp.swift */,
			);
			sourceTree = "<group>";
		};
		2CF729432E4D08D300747833 /* Products */ = {
			isa = PBXGroup;
			children = (
				2CF729422E4D08D300747833 /* Fridge.app */,
				2CF729512E4D08D500747833 /* FridgeTests.xctest */,
				2CF7295B2E4D08D500747833 /* FridgeUITests.xctest */,
			);
			name = Products;
			sourceTree = "<group>";
		};
/* End PBXGroup section */

/* Begin PBXNativeTarget section */
		2CF729412E4D08D300747833 /* Fridge */ = {
			isa = PBXNativeTarget;
			buildConfigurationList = 2CF729652E4D08D500747833 /* Build configuration list for PBXNativeTarget "Fridge" */;
			buildPhases = (
				2CF7293E2E4D08D300747833 /* Sources */,
				2CF7293F2E4D08D300747833 /* Frameworks */,
				2CF729402E4D08D300747833 /* Resources */,
			);
			buildRules = (
			);
			dependencies = (
			);
			fileSystemSynchronizedGroups = (
				2C360DE82E4E489F00ECCCCF /* Features */,
				2C360DEB2E4E491500ECCCCF /* Resources */,
			);
			name = Fridge;
			packageProductDependencies = (
			);
			productName = Fridge;
			productReference = 2CF729422E4D08D300747833 /* Fridge.app */;
			productType = "com.apple.product-type.application";
		};
		2CF729502E4D08D500747833 /* FridgeTests */ = {
			isa = PBXNativeTarget;
			buildConfigurationList = 2CF729682E4D08D500747833 /* Build configuration list for PBXNativeTarget "FridgeTests" */;
			buildPhases = (
				2CF7294D2E4D08D500747833 /* Sources */,
				2CF7294E2E4D08D500747833 /* Frameworks */,
				2CF7294F2E4D08D500747833 /* Resources */,
			);
			buildRules = (
			);
			dependencies = (
				2CF729532E4D08D500747833 /* PBXTargetDependency */,
			);
			fileSystemSynchronizedGroups = (
				2CF729542E4D08D500747833 /* FridgeTests */,
			);
			name = FridgeTests;
			packageProductDependencies = (
			);
			productName = FridgeTests;
			productReference = 2CF729512E4D08D500747833 /* FridgeTests.xctest */;
			productType = "com.apple.product-type.bundle.unit-test";
		};
		2CF7295A2E4D08D500747833 /* FridgeUITests */ = {
			isa = PBXNativeTarget;
			buildConfigurationList = 2CF7296B2E4D08D500747833 /* Build configuration list for PBXNativeTarget "FridgeUITests" */;
			buildPhases = (
				2CF729572E4D08D500747833 /* Sources */,
				2CF729582E4D08D500747833 /* Frameworks */,
				2CF729592E4D08D500747833 /* Resources */,
			);
			buildRules = (
			);
			dependencies = (
				2CF7295D2E4D08D500747833 /* PBXTargetDependency */,
			);
			fileSystemSynchronizedGroups = (
				2CF7295E2E4D08D500747833 /* FridgeUITests */,
			);
			name = FridgeUITests;
			packageProductDependencies = (
			);
			productName = FridgeUITests;
			productReference = 2CF7295B2E4D08D500747833 /* FridgeUITests.xctest */;
			productType = "com.apple.product-type.bundle.ui-testing";
		};
/* End PBXNativeTarget section */

/* Begin PBXProject section */
		2CF7293A2E4D08D300747833 /* Project object */ = {
			isa = PBXProject;
			attributes = {
				BuildIndependentTargetsInParallel = 1;
				LastSwiftUpdateCheck = 1640;
				LastUpgradeCheck = 1640;
				TargetAttributes = {
					2CF729412E4D08D300747833 = {
						CreatedOnToolsVersion = 16.4;
					};
					2CF729502E4D08D500747833 = {
						CreatedOnToolsVersion = 16.4;
						TestTargetID = 2CF729412E4D08D300747833;
					};
					2CF7295A2E4D08D500747833 = {
						CreatedOnToolsVersion = 16.4;
						TestTargetID = 2CF729412E4D08D300747833;
					};
				};
			};
			buildConfigurationList = 2CF7293D2E4D08D300747833 /* Build configuration list for PBXProject "Fridge" */;
			developmentRegion = en;
			hasScannedForEncodings = 0;
			knownRegions = (
				en,
				Base,
			);
			mainGroup = 2CF729392E4D08D300747833;
			minimizedProjectReferenceProxies = 1;
			preferredProjectObjectVersion = 77;
			productRefGroup = 2CF729432E4D08D300747833 /* Products */;
			projectDirPath = "";
			projectRoot = "";
			targets = (
				2CF729412E4D08D300747833 /* Fridge */,
				2CF729502E4D08D500747833 /* FridgeTests */,
				2CF7295A2E4D08D500747833 /* FridgeUITests */,
			);
		};
/* End PBXProject section */

/* Begin PBXResourcesBuildPhase section */
		2CF729402E4D08D300747833 /* Resources */ = {
			isa = PBXResourcesBuildPhase;
			buildActionMask = 2147483647;
			files = (
				2C360DE62E4E477800ECCCCF /* .gitignore in Resources */,
			);
			runOnlyForDeploymentPostprocessing = 0;
		};
		2CF7294F2E4D08D500747833 /* Resources */ = {
			isa = PBXResourcesBuildPhase;
			buildActionMask = 2147483647;
			files = (
			);
			runOnlyForDeploymentPostprocessing = 0;
		};
		2CF729592E4D08D500747833 /* Resources */ = {
			isa = PBXResourcesBuildPhase;
			buildActionMask = 2147483647;
			files = (
			);
			runOnlyForDeploymentPostprocessing = 0;
		};
/* End PBXResourcesBuildPhase section */

/* Begin PBXSourcesBuildPhase section */
		2CF7293E2E4D08D300747833 /* Sources */ = {
			isa = PBXSourcesBuildPhase;
			buildActionMask = 2147483647;
			files = (
				2C360DD92E4E178100ECCCCF /* FridgeApp.swift in Sources */,
			);
			runOnlyForDeploymentPostprocessing = 0;
		};
		2CF7294D2E4D08D500747833 /* Sources */ = {
			isa = PBXSourcesBuildPhase;
			buildActionMask = 2147483647;
			files = (
			);
			runOnlyForDeploymentPostprocessing = 0;
		};
		2CF729572E4D08D500747833 /* Sources */ = {
			isa = PBXSourcesBuildPhase;
			buildActionMask = 2147483647;
			files = (
			);
			runOnlyForDeploymentPostprocessing = 0;
		};
/* End PBXSourcesBuildPhase section */

/* Begin PBXTargetDependency section */
		2CF729532E4D08D500747833 /* PBXTargetDependency */ = {
			isa = PBXTargetDependency;
			target = 2CF729412E4D08D300747833 /* Fridge */;
			targetProxy = 2CF729522E4D08D500747833 /* PBXContainerItemProxy */;
		};
		2CF7295D2E4D08D500747833 /* PBXTargetDependency */ = {
			isa = PBXTargetDependency;
			target = 2CF729412E4D08D300747833 /* Fridge */;
			targetProxy = 2CF7295C2E4D08D500747833 /* PBXContainerItemProxy */;
		};
/* End PBXTargetDependency section */

/* Begin XCBuildConfiguration section */
		2CF729632E4D08D500747833 /* Debug */ = {
			isa = XCBuildConfiguration;
			buildSettings = {
				ALWAYS_SEARCH_USER_PATHS = NO;
				ASSETCATALOG_COMPILER_GENERATE_SWIFT_ASSET_SYMBOL_EXTENSIONS = YES;
				CLANG_ANALYZER_NONNULL = YES;
				CLANG_ANALYZER_NUMBER_OBJECT_CONVERSION = YES_AGGRESSIVE;
				CLANG_CXX_LANGUAGE_STANDARD = "gnu++20";
				CLANG_ENABLE_MODULES = YES;
				CLANG_ENABLE_OBJC_ARC = YES;
				CLANG_ENABLE_OBJC_WEAK = YES;
				CLANG_WARN_BLOCK_CAPTURE_AUTORELEASING = YES;
				CLANG_WARN_BOOL_CONVERSION = YES;
				CLANG_WARN_COMMA = YES;
				CLANG_WARN_CONSTANT_CONVERSION = YES;
				CLANG_WARN_DEPRECATED_OBJC_IMPLEMENTATIONS = YES;
				CLANG_WARN_DIRECT_OBJC_ISA_USAGE = YES_ERROR;
				CLANG_WARN_DOCUMENTATION_COMMENTS = YES;
				CLANG_WARN_EMPTY_BODY = YES;
				CLANG_WARN_ENUM_CONVERSION = YES;
				CLANG_WARN_INFINITE_RECURSION = YES;
				CLANG_WARN_INT_CONVERSION = YES;
				CLANG_WARN_NON_LITERAL_NULL_CONVERSION = YES;
				CLANG_WARN_OBJC_IMPLICIT_RETAIN_SELF = YES;
				CLANG_WARN_OBJC_LITERAL_CONVERSION = YES;
				CLANG_WARN_OBJC_ROOT_CLASS = YES_ERROR;
				CLANG_WARN_QUOTED_INCLUDE_IN_FRAMEWORK_HEADER = YES;
				CLANG_WARN_RANGE_LOOP_ANALYSIS = YES;
				CLANG_WARN_STRICT_PROTOTYPES = YES;
				CLANG_WARN_SUSPICIOUS_MOVE = YES;
				CLANG_WARN_UNGUARDED_AVAILABILITY = YES_AGGRESSIVE;
				CLANG_WARN_UNREACHABLE_CODE = YES;
				CLANG_WARN__DUPLICATE_METHOD_MATCH = YES;
				COPY_PHASE_STRIP = NO;
				DEBUG_INFORMATION_FORMAT = dwarf;
				DEVELOPMENT_TEAM = 9L9C75D9AC;
				ENABLE_STRICT_OBJC_MSGSEND = YES;
				ENABLE_TESTABILITY = YES;
				ENABLE_USER_SCRIPT_SANDBOXING = YES;
				GCC_C_LANGUAGE_STANDARD = gnu17;
				GCC_DYNAMIC_NO_PIC = NO;
				GCC_NO_COMMON_BLOCKS = YES;
				GCC_OPTIMIZATION_LEVEL = 0;
				GCC_PREPROCESSOR_DEFINITIONS = (
					"DEBUG=1",
					"$(inherited)",
				);
				GCC_WARN_64_TO_32_BIT_CONVERSION = YES;
				GCC_WARN_ABOUT_RETURN_TYPE = YES_ERROR;
				GCC_WARN_UNDECLARED_SELECTOR = YES;
				GCC_WARN_UNINITIALIZED_AUTOS = YES_AGGRESSIVE;
				GCC_WARN_UNUSED_FUNCTION = YES;
				GCC_WARN_UNUSED_VARIABLE = YES;
				IPHONEOS_DEPLOYMENT_TARGET = 18.0;
				LOCALIZATION_PREFERS_STRING_CATALOGS = YES;
				MTL_ENABLE_DEBUG_INFO = INCLUDE_SOURCE;
				MTL_FAST_MATH = YES;
				ONLY_ACTIVE_ARCH = YES;
				SDKROOT = iphoneos;
				SWIFT_ACTIVE_COMPILATION_CONDITIONS = "DEBUG $(inherited)";
				SWIFT_OPTIMIZATION_LEVEL = "-Onone";
			};
			name = Debug;
		};
		2CF729642E4D08D500747833 /* Release */ = {
			isa = XCBuildConfiguration;
			buildSettings = {
				ALWAYS_SEARCH_USER_PATHS = NO;
				ASSETCATALOG_COMPILER_GENERATE_SWIFT_ASSET_SYMBOL_EXTENSIONS = YES;
				CLANG_ANALYZER_NONNULL = YES;
				CLANG_ANALYZER_NUMBER_OBJECT_CONVERSION = YES_AGGRESSIVE;
				CLANG_CXX_LANGUAGE_STANDARD = "gnu++20";
				CLANG_ENABLE_MODULES = YES;
				CLANG_ENABLE_OBJC_ARC = YES;
				CLANG_ENABLE_OBJC_WEAK = YES;
				CLANG_WARN_BLOCK_CAPTURE_AUTORELEASING = YES;
				CLANG_WARN_BOOL_CONVERSION = YES;
				CLANG_WARN_COMMA = YES;
				CLANG_WARN_CONSTANT_CONVERSION = YES;
				CLANG_WARN_DEPRECATED_OBJC_IMPLEMENTATIONS = YES;
				CLANG_WARN_DIRECT_OBJC_ISA_USAGE = YES_ERROR;
				CLANG_WARN_DOCUMENTATION_COMMENTS = YES;
				CLANG_WARN_EMPTY_BODY = YES;
				CLANG_WARN_ENUM_CONVERSION = YES;
				CLANG_WARN_INFINITE_RECURSION = YES;
				CLANG_WARN_INT_CONVERSION = YES;
				CLANG_WARN_NON_LITERAL_NULL_CONVERSION = YES;
				CLANG_WARN_OBJC_IMPLICIT_RETAIN_SELF = YES;
				CLANG_WARN_OBJC_LITERAL_CONVERSION = YES;
				CLANG_WARN_OBJC_ROOT_CLASS = YES_ERROR;
				CLANG_WARN_QUOTED_INCLUDE_IN_FRAMEWORK_HEADER = YES;
				CLANG_WARN_RANGE_LOOP_ANALYSIS = YES;
				CLANG_WARN_STRICT_PROTOTYPES = YES;
				CLANG_WARN_SUSPICIOUS_MOVE = YES;
				CLANG_WARN_UNGUARDED_AVAILABILITY = YES_AGGRESSIVE;
				CLANG_WARN_UNREACHABLE_CODE = YES;
				CLANG_WARN__DUPLICATE_METHOD_MATCH = YES;
				COPY_PHASE_STRIP = NO;
				DEBUG_INFORMATION_FORMAT = "dwarf-with-dsym";
				DEVELOPMENT_TEAM = 9L9C75D9AC;
				ENABLE_NS_ASSERTIONS = NO;
				ENABLE_STRICT_OBJC_MSGSEND = YES;
				ENABLE_USER_SCRIPT_SANDBOXING = YES;
				GCC_C_LANGUAGE_STANDARD = gnu17;
				GCC_NO_COMMON_BLOCKS = YES;
				GCC_WARN_64_TO_32_BIT_CONVERSION = YES;
				GCC_WARN_ABOUT_RETURN_TYPE = YES_ERROR;
				GCC_WARN_UNDECLARED_SELECTOR = YES;
				GCC_WARN_UNINITIALIZED_AUTOS = YES_AGGRESSIVE;
				GCC_WARN_UNUSED_FUNCTION = YES;
				GCC_WARN_UNUSED_VARIABLE = YES;
				IPHONEOS_DEPLOYMENT_TARGET = 18.0;
				LOCALIZATION_PREFERS_STRING_CATALOGS = YES;
				MTL_ENABLE_DEBUG_INFO = NO;
				MTL_FAST_MATH = YES;
				SDKROOT = iphoneos;
				SWIFT_COMPILATION_MODE = wholemodule;
				VALIDATE_PRODUCT = YES;
			};
			name = Release;
		};
		2CF729662E4D08D500747833 /* Debug */ = {
			isa = XCBuildConfiguration;
			buildSettings = {
				ASSETCATALOG_COMPILER_APPICON_NAME = AppIcon;
				ASSETCATALOG_COMPILER_GLOBAL_ACCENT_COLOR_NAME = AccentColor;
				CODE_SIGN_STYLE = Automatic;
				CURRENT_PROJECT_VERSION = 1;
				DEVELOPMENT_TEAM = 9L9C75D9AC;
				ENABLE_PREVIEWS = YES;
				GENERATE_INFOPLIST_FILE = YES;
				INFOPLIST_KEY_UIApplicationSceneManifest_Generation = YES;
				INFOPLIST_KEY_UIApplicationSupportsIndirectInputEvents = YES;
				INFOPLIST_KEY_UILaunchScreen_Generation = YES;
				INFOPLIST_KEY_UISupportedInterfaceOrientations_iPad = "UIInterfaceOrientationPortrait UIInterfaceOrientationPortraitUpsideDown UIInterfaceOrientationLandscapeLeft UIInterfaceOrientationLandscapeRight";
				INFOPLIST_KEY_UISupportedInterfaceOrientations_iPhone = "UIInterfaceOrientationPortrait UIInterfaceOrientationLandscapeLeft UIInterfaceOrientationLandscapeRight";
				LD_RUNPATH_SEARCH_PATHS = (
					"$(inherited)",
					"@executable_path/Frameworks",
				);
				MARKETING_VERSION = 1.0;
				PRODUCT_BUNDLE_IDENTIFIER = SillyApp.Fridge;
				PRODUCT_NAME = "$(TARGET_NAME)";
				SWIFT_EMIT_LOC_STRINGS = YES;
				SWIFT_VERSION = 5.0;
				TARGETED_DEVICE_FAMILY = "1,2";
			};
			name = Debug;
		};
		2CF729672E4D08D500747833 /* Release */ = {
			isa = XCBuildConfiguration;
			buildSettings = {
				ASSETCATALOG_COMPILER_APPICON_NAME = AppIcon;
				ASSETCATALOG_COMPILER_GLOBAL_ACCENT_COLOR_NAME = AccentColor;
				CODE_SIGN_STYLE = Automatic;
				CURRENT_PROJECT_VERSION = 1;
				DEVELOPMENT_TEAM = 9L9C75D9AC;
				ENABLE_PREVIEWS = YES;
				GENERATE_INFOPLIST_FILE = YES;
				INFOPLIST_KEY_UIApplicationSceneManifest_Generation = YES;
				INFOPLIST_KEY_UIApplicationSupportsIndirectInputEvents = YES;
				INFOPLIST_KEY_UILaunchScreen_Generation = YES;
				INFOPLIST_KEY_UISupportedInterfaceOrientations_iPad = "UIInterfaceOrientationPortrait UIInterfaceOrientationPortraitUpsideDown UIInterfaceOrientationLandscapeLeft UIInterfaceOrientationLandscapeRight";
				INFOPLIST_KEY_UISupportedInterfaceOrientations_iPhone = "UIInterfaceOrientationPortrait UIInterfaceOrientationLandscapeLeft UIInterfaceOrientationLandscapeRight";
				LD_RUNPATH_SEARCH_PATHS = (
					"$(inherited)",
					"@executable_path/Frameworks",
				);
				MARKETING_VERSION = 1.0;
				PRODUCT_BUNDLE_IDENTIFIER = SillyApp.Fridge;
				PRODUCT_NAME = "$(TARGET_NAME)";
				SWIFT_EMIT_LOC_STRINGS = YES;
				SWIFT_VERSION = 5.0;
				TARGETED_DEVICE_FAMILY = "1,2";
			};
			name = Release;
		};
		2CF729692E4D08D500747833 /* Debug */ = {
			isa = XCBuildConfiguration;
			buildSettings = {
				BUNDLE_LOADER = "$(TEST_HOST)";
				CODE_SIGN_STYLE = Automatic;
				CURRENT_PROJECT_VERSION = 1;
				DEVELOPMENT_TEAM = 9L9C75D9AC;
				GENERATE_INFOPLIST_FILE = YES;
				IPHONEOS_DEPLOYMENT_TARGET = 18.5;
				MARKETING_VERSION = 1.0;
				PRODUCT_BUNDLE_IDENTIFIER = sillyApp.FridgeTests;
				PRODUCT_NAME = "$(TARGET_NAME)";
				SWIFT_EMIT_LOC_STRINGS = NO;
				SWIFT_VERSION = 5.0;
				TARGETED_DEVICE_FAMILY = "1,2";
				TEST_HOST = "$(BUILT_PRODUCTS_DIR)/Fridge.app/$(BUNDLE_EXECUTABLE_FOLDER_PATH)/Fridge";
			};
			name = Debug;
		};
		2CF7296A2E4D08D500747833 /* Release */ = {
			isa = XCBuildConfiguration;
			buildSettings = {
				BUNDLE_LOADER = "$(TEST_HOST)";
				CODE_SIGN_STYLE = Automatic;
				CURRENT_PROJECT_VERSION = 1;
				DEVELOPMENT_TEAM = 9L9C75D9AC;
				GENERATE_INFOPLIST_FILE = YES;
				IPHONEOS_DEPLOYMENT_TARGET = 18.5;
				MARKETING_VERSION = 1.0;
				PRODUCT_BUNDLE_IDENTIFIER = sillyApp.FridgeTests;
				PRODUCT_NAME = "$(TARGET_NAME)";
				SWIFT_EMIT_LOC_STRINGS = NO;
				SWIFT_VERSION = 5.0;
				TARGETED_DEVICE_FAMILY = "1,2";
				TEST_HOST = "$(BUILT_PRODUCTS_DIR)/Fridge.app/$(BUNDLE_EXECUTABLE_FOLDER_PATH)/Fridge";
			};
			name = Release;
		};
		2CF7296C2E4D08D500747833 /* Debug */ = {
			isa = XCBuildConfiguration;
			buildSettings = {
				CODE_SIGN_STYLE = Automatic;
				CURRENT_PROJECT_VERSION = 1;
				DEVELOPMENT_TEAM = 9L9C75D9AC;
				GENERATE_INFOPLIST_FILE = YES;
				MARKETING_VERSION = 1.0;
				PRODUCT_BUNDLE_IDENTIFIER = sillyApp.FridgeUITests;
				PRODUCT_NAME = "$(TARGET_NAME)";
				SWIFT_EMIT_LOC_STRINGS = NO;
				SWIFT_VERSION = 5.0;
				TARGETED_DEVICE_FAMILY = "1,2";
				TEST_TARGET_NAME = Fridge;
			};
			name = Debug;
		};
		2CF7296D2E4D08D500747833 /* Release */ = {
			isa = XCBuildConfiguration;
			buildSettings = {
				CODE_SIGN_STYLE = Automatic;
				CURRENT_PROJECT_VERSION = 1;
				DEVELOPMENT_TEAM = 9L9C75D9AC;
				GENERATE_INFOPLIST_FILE = YES;
				MARKETING_VERSION = 1.0;
				PRODUCT_BUNDLE_IDENTIFIER = sillyApp.FridgeUITests;
				PRODUCT_NAME = "$(TARGET_NAME)";
				SWIFT_EMIT_LOC_STRINGS = NO;
				SWIFT_VERSION = 5.0;
				TARGETED_DEVICE_FAMILY = "1,2";
				TEST_TARGET_NAME = Fridge;
			};
			name = Release;
		};
/* End XCBuildConfiguration section */

/* Begin XCConfigurationList section */
		2CF7293D2E4D08D300747833 /* Build configuration list for PBXProject "Fridge" */ = {
			isa = XCConfigurationList;
			buildConfigurations = (
				2CF729632E4D08D500747833 /* Debug */,
				2CF729642E4D08D500747833 /* Release */,
			);
			defaultConfigurationIsVisible = 0;
			defaultConfigurationName = Release;
		};
		2CF729652E4D08D500747833 /* Build configuration list for PBXNativeTarget "Fridge" */ = {
			isa = XCConfigurationList;
			buildConfigurations = (
				2CF729662E4D08D500747833 /* Debug */,
				2CF729672E4D08D500747833 /* Release */,
			);
			defaultConfigurationIsVisible = 0;
			defaultConfigurationName = Release;
		};
		2CF729682E4D08D500747833 /* Build configuration list for PBXNativeTarget "FridgeTests" */ = {
			isa = XCConfigurationList;
			buildConfigurations = (
				2CF729692E4D08D500747833 /* Debug */,
				2CF7296A2E4D08D500747833 /* Release */,
			);
			defaultConfigurationIsVisible = 0;
			defaultConfigurationName = Release;
		};
		2CF7296B2E4D08D500747833 /* Build configuration list for PBXNativeTarget "FridgeUITests" */ = {
			isa = XCConfigurationList;
			buildConfigurations = (
				2CF7296C2E4D08D500747833 /* Debug */,
				2CF7296D2E4D08D500747833 /* Release */,
			);
			defaultConfigurationIsVisible = 0;
			defaultConfigurationName = Release;
		};
/* End XCConfigurationList section */
	};
	rootObject = 2CF7293A2E4D08D300747833 /* Project object */;
}
